
Microsoft Visual Studio Solution File, Format Version 12.00
# Visual Studio Version 17
VisualStudioVersion = 17.4.33103.184
MinimumVisualStudioVersion = 10.0.40219.1
Project("{2150E333-8FDC-42A3-9474-1A3956D46DE8}") = "src", "src", "{420F640A-E23F-457C-BEC7-1DEAD1C592F1}"
	ProjectSection(SolutionItems) = preProject
		src\Directory.Build.props = src\Directory.Build.props
	EndProjectSection
EndProject
Project("{2150E333-8FDC-42A3-9474-1A3956D46DE8}") = "test", "test", "{F9AD8B6F-1F59-4678-B9CF-9CD87172A111}"
EndProject
Project("{2150E333-8FDC-42A3-9474-1A3956D46DE8}") = "samples", "samples", "{36333C22-54F7-403C-ABC4-BECE4EE3F52D}"
EndProject
Project("{9A19103F-16F7-4668-BE54-9A1E7A4F7556}") = "OpenTracing.Contrib.NetCore", "src\OpenTracing.Contrib.NetCore\OpenTracing.Contrib.NetCore.csproj", "{10729E17-3C79-477B-BBEB-B727D7B5B60B}"
EndProject
Project("{2150E333-8FDC-42A3-9474-1A3956D46DE8}") = "Solution Items", "Solution Items", "{A47B38EB-246E-4CD5-9655-539466C71067}"
	ProjectSection(SolutionItems) = preProject
		.appveyor.yml = .appveyor.yml
		.travis.yml = .travis.yml
		build.ps1 = build.ps1
		Directory.Build.props = Directory.Build.props
		global.json = global.json
		launch-sample.ps1 = launch-sample.ps1
		README.md = README.md
	EndProjectSection
EndProject
Project("{9A19103F-16F7-4668-BE54-9A1E7A4F7556}") = "OpenTracing.Contrib.NetCore.Tests", "test\OpenTracing.Contrib.NetCore.Tests\OpenTracing.Contrib.NetCore.Tests.csproj", "{70707714-F09D-48A7-B6BC-3C58B243A753}"
EndProject
Project("{2150E333-8FDC-42A3-9474-1A3956D46DE8}") = "benchmarks", "benchmarks", "{FCB84E77-6B0A-4969-8DF2-7E74197E29BB}"
EndProject
Project("{9A19103F-16F7-4668-BE54-9A1E7A4F7556}") = "OpenTracing.Contrib.NetCore.Benchmarks", "benchmarks\OpenTracing.Contrib.NetCore.Benchmarks\OpenTracing.Contrib.NetCore.Benchmarks.csproj", "{E92B106E-1DEF-43D9-B7FF-30132DB6254B}"
EndProject
Project("{2150E333-8FDC-42A3-9474-1A3956D46DE8}") = "net8.0", "net8.0", "{02EA681E-C7D8-13C7-8484-4AC65E1B71E8}"
EndProject
Project("{2150E333-8FDC-42A3-9474-1A3956D46DE8}") = "net9.0", "net9.0", "{D7E52317-E746-493A-915D-4B04B7CF31AF}"
EndProject
Project("{FAE04EC0-301F-11D3-BF4B-00C04F79EFBC}") = "CustomersApi", "samples\net8.0\CustomersApi\CustomersApi.csproj", "{5FE6906A-A284-B075-19DA-5ACE8A0CB855}"
EndProject
Project("{FAE04EC0-301F-11D3-BF4B-00C04F79EFBC}") = "FrontendWeb", "samples\net8.0\FrontendWeb\FrontendWeb.csproj", "{D1C5CA56-8E8E-B1FC-0FEA-BAD9087088B9}"
EndProject
Project("{FAE04EC0-301F-11D3-BF4B-00C04F79EFBC}") = "OrdersApi", "samples\net8.0\OrdersApi\OrdersApi.csproj", "{50E3F8CC-D2A3-A7EA-8836-E0F66DB9C473}"
EndProject
Project("{FAE04EC0-301F-11D3-BF4B-00C04F79EFBC}") = "Shared", "samples\net8.0\Shared\Shared.csproj", "{080E1B4B-A8E3-7D5A-464C-ABA0EC28D11F}"
EndProject
Project("{FAE04EC0-301F-11D3-BF4B-00C04F79EFBC}") = "TrafficGenerator", "samples\net8.0\TrafficGenerator\TrafficGenerator.csproj", "{7E7B84C3-C295-293D-6FD3-A87A64848548}"
EndProject
Project("{FAE04EC0-301F-11D3-BF4B-00C04F79EFBC}") = "CustomersApi", "samples\net9.0\CustomersApi\CustomersApi.csproj", "{D231AF46-3866-2CED-AE14-3FC6C9BE33B1}"
EndProject
Project("{FAE04EC0-301F-11D3-BF4B-00C04F79EFBC}") = "FrontendWeb", "samples\net9.0\FrontendWeb\FrontendWeb.csproj", "{C8530F11-7DCE-562A-F286-A7596D41E83E}"
EndProject
Project("{FAE04EC0-301F-11D3-BF4B-00C04F79EFBC}") = "OrdersApi", "samples\net9.0\OrdersApi\OrdersApi.csproj", "{614DABAA-A15A-8F95-9DC2-C43BA85BAF8E}"
EndProject
Project("{FAE04EC0-301F-11D3-BF4B-00C04F79EFBC}") = "Shared", "samples\net9.0\Shared\Shared.csproj", "{6A000873-B414-21F7-E0C1-BA8D2693E2CC}"
EndProject
Project("{FAE04EC0-301F-11D3-BF4B-00C04F79EFBC}") = "TrafficGenerator", "samples\net9.0\TrafficGenerator\TrafficGenerator.csproj", "{0DEB731F-C3E1-E17A-BD99-586F3D3C943F}"
EndProject
Global
	GlobalSection(SolutionConfigurationPlatforms) = preSolution
		Debug|Any CPU = Debug|Any CPU
		Release|Any CPU = Release|Any CPU
	EndGlobalSection
	GlobalSection(ProjectConfigurationPlatforms) = postSolution
		{10729E17-3C79-477B-BBEB-B727D7B5B60B}.Debug|Any CPU.ActiveCfg = Debug|Any CPU
		{10729E17-3C79-477B-BBEB-B727D7B5B60B}.Debug|Any CPU.Build.0 = Debug|Any CPU
		{10729E17-3C79-477B-BBEB-B727D7B5B60B}.Release|Any CPU.ActiveCfg = Release|Any CPU
		{10729E17-3C79-477B-BBEB-B727D7B5B60B}.Release|Any CPU.Build.0 = Release|Any CPU
		{70707714-F09D-48A7-B6BC-3C58B243A753}.Debug|Any CPU.ActiveCfg = Debug|Any CPU
		{70707714-F09D-48A7-B6BC-3C58B243A753}.Debug|Any CPU.Build.0 = Debug|Any CPU
		{70707714-F09D-48A7-B6BC-3C58B243A753}.Release|Any CPU.ActiveCfg = Release|Any CPU
		{70707714-F09D-48A7-B6BC-3C58B243A753}.Release|Any CPU.Build.0 = Release|Any CPU
		{E92B106E-1DEF-43D9-B7FF-30132DB6254B}.Debug|Any CPU.ActiveCfg = Debug|Any CPU
		{E92B106E-1DEF-43D9-B7FF-30132DB6254B}.Debug|Any CPU.Build.0 = Debug|Any CPU
		{E92B106E-1DEF-43D9-B7FF-30132DB6254B}.Release|Any CPU.ActiveCfg = Release|Any CPU
		{E92B106E-1DEF-43D9-B7FF-30132DB6254B}.Release|Any CPU.Build.0 = Release|Any CPU
		{5FE6906A-A284-B075-19DA-5ACE8A0CB855}.Debug|Any CPU.ActiveCfg = Debug|Any CPU
		{5FE6906A-A284-B075-19DA-5ACE8A0CB855}.Debug|Any CPU.Build.0 = Debug|Any CPU
		{5FE6906A-A284-B075-19DA-5ACE8A0CB855}.Release|Any CPU.ActiveCfg = Release|Any CPU
		{5FE6906A-A284-B075-19DA-5ACE8A0CB855}.Release|Any CPU.Build.0 = Release|Any CPU
		{D1C5CA56-8E8E-B1FC-0FEA-BAD9087088B9}.Debug|Any CPU.ActiveCfg = Debug|Any CPU
		{D1C5CA56-8E8E-B1FC-0FEA-BAD9087088B9}.Debug|Any CPU.Build.0 = Debug|Any CPU
		{D1C5CA56-8E8E-B1FC-0FEA-BAD9087088B9}.Release|Any CPU.ActiveCfg = Release|Any CPU
		{D1C5CA56-8E8E-B1FC-0FEA-BAD9087088B9}.Release|Any CPU.Build.0 = Release|Any CPU
		{50E3F8CC-D2A3-A7EA-8836-E0F66DB9C473}.Debug|Any CPU.ActiveCfg = Debug|Any CPU
		{50E3F8CC-D2A3-A7EA-8836-E0F66DB9C473}.Debug|Any CPU.Build.0 = Debug|Any CPU
		{50E3F8CC-D2A3-A7EA-8836-E0F66DB9C473}.Release|Any CPU.ActiveCfg = Release|Any CPU
		{50E3F8CC-D2A3-A7EA-8836-E0F66DB9C473}.Release|Any CPU.Build.0 = Release|Any CPU
		{080E1B4B-A8E3-7D5A-464C-ABA0EC28D11F}.Debug|Any CPU.ActiveCfg = Debug|Any CPU
		{080E1B4B-A8E3-7D5A-464C-ABA0EC28D11F}.Debug|Any CPU.Build.0 = Debug|Any CPU
		{080E1B4B-A8E3-7D5A-464C-ABA0EC28D11F}.Release|Any CPU.ActiveCfg = Release|Any CPU
		{080E1B4B-A8E3-7D5A-464C-ABA0EC28D11F}.Release|Any CPU.Build.0 = Release|Any CPU
		{7E7B84C3-C295-293D-6FD3-A87A64848548}.Debug|Any CPU.ActiveCfg = Debug|Any CPU
		{7E7B84C3-C295-293D-6FD3-A87A64848548}.Debug|Any CPU.Build.0 = Debug|Any CPU
		{7E7B84C3-C295-293D-6FD3-A87A64848548}.Release|Any CPU.ActiveCfg = Release|Any CPU
		{7E7B84C3-C295-293D-6FD3-A87A64848548}.Release|Any CPU.Build.0 = Release|Any CPU
		{D231AF46-3866-2CED-AE14-3FC6C9BE33B1}.Debug|Any CPU.ActiveCfg = Debug|Any CPU
		{D231AF46-3866-2CED-AE14-3FC6C9BE33B1}.Debug|Any CPU.Build.0 = Debug|Any CPU
		{D231AF46-3866-2CED-AE14-3FC6C9BE33B1}.Release|Any CPU.ActiveCfg = Release|Any CPU
		{D231AF46-3866-2CED-AE14-3FC6C9BE33B1}.Release|Any CPU.Build.0 = Release|Any CPU
		{C8530F11-7DCE-562A-F286-A7596D41E83E}.Debug|Any CPU.ActiveCfg = Debug|Any CPU
		{C8530F11-7DCE-562A-F286-A7596D41E83E}.Debug|Any CPU.Build.0 = Debug|Any CPU
		{C8530F11-7DCE-562A-F286-A7596D41E83E}.Release|Any CPU.ActiveCfg = Release|Any CPU
		{C8530F11-7DCE-562A-F286-A7596D41E83E}.Release|Any CPU.Build.0 = Release|Any CPU
		{614DABAA-A15A-8F95-9DC2-C43BA85BAF8E}.Debug|Any CPU.ActiveCfg = Debug|Any CPU
		{614DABAA-A15A-8F95-9DC2-C43BA85BAF8E}.Debug|Any CPU.Build.0 = Debug|Any CPU
		{614DABAA-A15A-8F95-9DC2-C43BA85BAF8E}.Release|Any CPU.ActiveCfg = Release|Any CPU
		{614DABAA-A15A-8F95-9DC2-C43BA85BAF8E}.Release|Any CPU.Build.0 = Release|Any CPU
		{6A000873-B414-21F7-E0C1-BA8D2693E2CC}.Debug|Any CPU.ActiveCfg = Debug|Any CPU
		{6A000873-B414-21F7-E0C1-BA8D2693E2CC}.Debug|Any CPU.Build.0 = Debug|Any CPU
		{6A000873-B414-21F7-E0C1-BA8D2693E2CC}.Release|Any CPU.ActiveCfg = Release|Any CPU
		{6A000873-B414-21F7-E0C1-BA8D2693E2CC}.Release|Any CPU.Build.0 = Release|Any CPU
		{0DEB731F-C3E1-E17A-BD99-586F3D3C943F}.Debug|Any CPU.ActiveCfg = Debug|Any CPU
		{0DEB731F-C3E1-E17A-BD99-586F3D3C943F}.Debug|Any CPU.Build.0 = Debug|Any CPU
		{0DEB731F-C3E1-E17A-BD99-586F3D3C943F}.Release|Any CPU.ActiveCfg = Release|Any CPU
		{0DEB731F-C3E1-E17A-BD99-586F3D3C943F}.Release|Any CPU.Build.0 = Release|Any CPU
	EndGlobalSection
	GlobalSection(SolutionProperties) = preSolution
		HideSolutionNode = FALSE
	EndGlobalSection
	GlobalSection(NestedProjects) = preSolution
		{10729E17-3C79-477B-BBEB-B727D7B5B60B} = {420F640A-E23F-457C-BEC7-1DEAD1C592F1}
		{70707714-F09D-48A7-B6BC-3C58B243A753} = {F9AD8B6F-1F59-4678-B9CF-9CD87172A111}
		{E92B106E-1DEF-43D9-B7FF-30132DB6254B} = {FCB84E77-6B0A-4969-8DF2-7E74197E29BB}
		{02EA681E-C7D8-13C7-8484-4AC65E1B71E8} = {36333C22-54F7-403C-ABC4-BECE4EE3F52D}
		{D7E52317-E746-493A-915D-4B04B7CF31AF} = {36333C22-54F7-403C-ABC4-BECE4EE3F52D}
		{5FE6906A-A284-B075-19DA-5ACE8A0CB855} = {02EA681E-C7D8-13C7-8484-4AC65E1B71E8}
		{D1C5CA56-8E8E-B1FC-0FEA-BAD9087088B9} = {02EA681E-C7D8-13C7-8484-4AC65E1B71E8}
		{50E3F8CC-D2A3-A7EA-8836-E0F66DB9C473} = {02EA681E-C7D8-13C7-8484-4AC65E1B71E8}
		{080E1B4B-A8E3-7D5A-464C-ABA0EC28D11F} = {02EA681E-C7D8-13C7-8484-4AC65E1B71E8}
		{7E7B84C3-C295-293D-6FD3-A87A64848548} = {02EA681E-C7D8-13C7-8484-4AC65E1B71E8}
		{D231AF46-3866-2CED-AE14-3FC6C9BE33B1} = {D7E52317-E746-493A-915D-4B04B7CF31AF}
		{C8530F11-7DCE-562A-F286-A7596D41E83E} = {D7E52317-E746-493A-915D-4B04B7CF31AF}
		{614DABAA-A15A-8F95-9DC2-C43BA85BAF8E} = {D7E52317-E746-493A-915D-4B04B7CF31AF}
		{6A000873-B414-21F7-E0C1-BA8D2693E2CC} = {D7E52317-E746-493A-915D-4B04B7CF31AF}
		{0DEB731F-C3E1-E17A-BD99-586F3D3C943F} = {D7E52317-E746-493A-915D-4B04B7CF31AF}
	EndGlobalSection
	GlobalSection(ExtensibilityGlobals) = postSolution
		SolutionGuid = {832F86C2-4B74-4259-8073-04EE0C37FBCD}
	EndGlobalSection
EndGlobal
